
Microsoft Visual Studio Solution File, Format Version 12.00
# Visual Studio Version 17
VisualStudioVersion = 17.8.34511.84
MinimumVisualStudioVersion = 10.0.40219.1
Project("{FAE04EC0-301F-11D3-BF4B-00C04F79EFBC}") = "Hadasim Twitter", "Hadasim Twitter\Hadasim Twitter.csproj", "{B476262C-ED9E-4A50-9F3E-2E0C6D512610}"
EndProject
Global
	GlobalSection(SolutionConfigurationPlatforms) = preSolution
		Debug|Any CPU = Debug|Any CPU
		Release|Any CPU = Release|Any CPU
	EndGlobalSection
	GlobalSection(ProjectConfigurationPlatforms) = postSolution
		{B476262C-ED9E-4A50-9F3E-2E0C6D512610}.Debug|Any CPU.ActiveCfg = Debug|Any CPU
		{B476262C-ED9E-4A50-9F3E-2E0C6D512610}.Debug|Any CPU.Build.0 = Debug|Any CPU
		{B476262C-ED9E-4A50-9F3E-2E0C6D512610}.Release|Any CPU.ActiveCfg = Release|Any CPU
		{B476262C-ED9E-4A50-9F3E-2E0C6D512610}.Release|Any CPU.Build.0 = Release|Any CPU
	EndGlobalSection
	GlobalSection(SolutionProperties) = preSolution
		HideSolutionNode = FALSE
	EndGlobalSection
	GlobalSection(ExtensibilityGlobals) = postSolution
		SolutionGuid = {4823C617-3F03-490F-A217-DB161ACA4162}
	EndGlobalSection
EndGlobal
